
Microsoft Visual Studio Solution File, Format Version 12.00
# Visual Studio 15
VisualStudioVersion = 15.0.26730.15
MinimumVisualStudioVersion = 10.0.40219.1
Project("{FAE04EC0-301F-11D3-BF4B-00C04F79EFBC}") = "05_CalendarioMes", "05_CalendarioMes\05_CalendarioMes.csproj", "{03395BB0-64F5-4B72-936E-9DE57BF90F01}"
EndProject
Global
	GlobalSection(SolutionConfigurationPlatforms) = preSolution
		Debug|Any CPU = Debug|Any CPU
		Release|Any CPU = Release|Any CPU
	EndGlobalSection
	GlobalSection(ProjectConfigurationPlatforms) = postSolution
		{03395BB0-64F5-4B72-936E-9DE57BF90F01}.Debug|Any CPU.ActiveCfg = Debug|Any CPU
		{03395BB0-64F5-4B72-936E-9DE57BF90F01}.Debug|Any CPU.Build.0 = Debug|Any CPU
		{03395BB0-64F5-4B72-936E-9DE57BF90F01}.Release|Any CPU.ActiveCfg = Release|Any CPU
		{03395BB0-64F5-4B72-936E-9DE57BF90F01}.Release|Any CPU.Build.0 = Release|Any CPU
	EndGlobalSection
	GlobalSection(SolutionProperties) = preSolution
		HideSolutionNode = FALSE
	EndGlobalSection
	GlobalSection(ExtensibilityGlobals) = postSolution
		SolutionGuid = {56D26D18-CC85-42E3-AFEC-AE43071FD0A5}
	EndGlobalSection
EndGlobal
